// !$*UTF8*$!
{
	archiveVersion = 1;
	classes = {
	};
	objectVersion = 50;
	objects = {

/* Begin PBXBuildFile section */
		31F69F1123AAEDDF005DB1D3 /* AppDelegate.swift in Sources */ = {isa = PBXBuildFile; fileRef = 31F69F1023AAEDDF005DB1D3 /* AppDelegate.swift */; };
		31F69F1323AAEDE0005DB1D3 /* SceneDelegate.swift in Sources */ = {isa = PBXBuildFile; fileRef = 31F69F1223AAEDE0005DB1D3 /* SceneDelegate.swift */; };
		31F69F1523AAEDE0005DB1D3 /* ContentView.swift in Sources */ = {isa = PBXBuildFile; fileRef = 31F69F1423AAEDE0005DB1D3 /* ContentView.swift */; };
		31F69F1723AAEDE9005DB1D3 /* Assets.xcassets in Resources */ = {isa = PBXBuildFile; fileRef = 31F69F1623AAEDE9005DB1D3 /* Assets.xcassets */; };
		31F69F1A23AAEDE9005DB1D3 /* Preview Assets.xcassets in Resources */ = {isa = PBXBuildFile; fileRef = 31F69F1923AAEDE9005DB1D3 /* Preview Assets.xcassets */; };
		31F69F1D23AAEDE9005DB1D3 /* LaunchScreen.storyboard in Resources */ = {isa = PBXBuildFile; fileRef = 31F69F1B23AAEDE9005DB1D3 /* LaunchScreen.storyboard */; };
		31F69F2523AAEE7B005DB1D3 /* CalendarJSONhelper.swift in Sources */ = {isa = PBXBuildFile; fileRef = 31F69F2423AAEE7A005DB1D3 /* CalendarJSONhelper.swift */; };
		31F69F2723AAEEAC005DB1D3 /* CalendarModel.swift in Sources */ = {isa = PBXBuildFile; fileRef = 31F69F2623AAEEAC005DB1D3 /* CalendarModel.swift */; };
		31F69F2923AAEEFD005DB1D3 /* GetCalendar.swift in Sources */ = {isa = PBXBuildFile; fileRef = 31F69F2823AAEEFD005DB1D3 /* GetCalendar.swift */; };
		31F69F2B23AAEF87005DB1D3 /* CalendarRowView.swift in Sources */ = {isa = PBXBuildFile; fileRef = 31F69F2A23AAEF87005DB1D3 /* CalendarRowView.swift */; };
		31F69F2D23AAF03B005DB1D3 /* DateExtension.swift in Sources */ = {isa = PBXBuildFile; fileRef = 31F69F2C23AAF03B005DB1D3 /* DateExtension.swift */; };
		31F69F2F23ABF8DA005DB1D3 /* README.md in Resources */ = {isa = PBXBuildFile; fileRef = 31F69F2E23ABF8DA005DB1D3 /* README.md */; };
/* End PBXBuildFile section */

/* Begin PBXFileReference section */
		31F69F0D23AAEDDF005DB1D3 /* SwiftUI_Google_Calendar.app */ = {isa = PBXFileReference; explicitFileType = wrapper.application; includeInIndex = 0; path = SwiftUI_Google_Calendar.app; sourceTree = BUILT_PRODUCTS_DIR; };
		31F69F1023AAEDDF005DB1D3 /* AppDelegate.swift */ = {isa = PBXFileReference; lastKnownFileType = sourcecode.swift; path = AppDelegate.swift; sourceTree = "<group>"; };
		31F69F1223AAEDE0005DB1D3 /* SceneDelegate.swift */ = {isa = PBXFileReference; lastKnownFileType = sourcecode.swift; path = SceneDelegate.swift; sourceTree = "<group>"; };
		31F69F1423AAEDE0005DB1D3 /* ContentView.swift */ = {isa = PBXFileReference; lastKnownFileType = sourcecode.swift; path = ContentView.swift; sourceTree = "<group>"; };
		31F69F1623AAEDE9005DB1D3 /* Assets.xcassets */ = {isa = PBXFileReference; lastKnownFileType = folder.assetcatalog; path = Assets.xcassets; sourceTree = "<group>"; };
		31F69F1923AAEDE9005DB1D3 /* Preview Assets.xcassets */ = {isa = PBXFileReference; lastKnownFileType = folder.assetcatalog; path = "Preview Assets.xcassets"; sourceTree = "<group>"; };
		31F69F1C23AAEDE9005DB1D3 /* Base */ = {isa = PBXFileReference; lastKnownFileType = file.storyboard; name = Base; path = Base.lproj/LaunchScreen.storyboard; sourceTree = "<group>"; };
		31F69F1E23AAEDE9005DB1D3 /* Info.plist */ = {isa = PBXFileReference; lastKnownFileType = text.plist.xml; path = Info.plist; sourceTree = "<group>"; };
		31F69F2423AAEE7A005DB1D3 /* CalendarJSONhelper.swift */ = {isa = PBXFileReference; lastKnownFileType = sourcecode.swift; path = CalendarJSONhelper.swift; sourceTree = "<group>"; };
		31F69F2623AAEEAC005DB1D3 /* CalendarModel.swift */ = {isa = PBXFileReference; lastKnownFileType = sourcecode.swift; path = CalendarModel.swift; sourceTree = "<group>"; };
		31F69F2823AAEEFD005DB1D3 /* GetCalendar.swift */ = {isa = PBXFileReference; lastKnownFileType = sourcecode.swift; path = GetCalendar.swift; sourceTree = "<group>"; };
		31F69F2A23AAEF87005DB1D3 /* CalendarRowView.swift */ = {isa = PBXFileReference; lastKnownFileType = sourcecode.swift; path = CalendarRowView.swift; sourceTree = "<group>"; };
		31F69F2C23AAF03B005DB1D3 /* DateExtension.swift */ = {isa = PBXFileReference; lastKnownFileType = sourcecode.swift; path = DateExtension.swift; sourceTree = "<group>"; };
		31F69F2E23ABF8DA005DB1D3 /* README.md */ = {isa = PBXFileReference; fileEncoding = 4; lastKnownFileType = net.daringfireball.markdown; path = README.md; sourceTree = "<group>"; };
/* End PBXFileReference section */

/* Begin PBXFrameworksBuildPhase section */
		31F69F0A23AAEDDF005DB1D3 /* Frameworks */ = {
			isa = PBXFrameworksBuildPhase;
			buildActionMask = 2147483647;
			files = (
			);
			runOnlyForDeploymentPostprocessing = 0;
		};
/* End PBXFrameworksBuildPhase section */

/* Begin PBXGroup section */
		31F69F0423AAEDDF005DB1D3 = {
			isa = PBXGroup;
			children = (
				31F69F2E23ABF8DA005DB1D3 /* README.md */,
				31F69F0F23AAEDDF005DB1D3 /* SwiftUI_Google_Calendar */,
				31F69F0E23AAEDDF005DB1D3 /* Products */,
			);
			sourceTree = "<group>";
		};
		31F69F0E23AAEDDF005DB1D3 /* Products */ = {
			isa = PBXGroup;
			children = (
				31F69F0D23AAEDDF005DB1D3 /* SwiftUI_Google_Calendar.app */,
			);
			name = Products;
			sourceTree = "<group>";
		};
		31F69F0F23AAEDDF005DB1D3 /* SwiftUI_Google_Calendar */ = {
			isa = PBXGroup;
			children = (
				31F69F1023AAEDDF005DB1D3 /* AppDelegate.swift */,
				31F69F1223AAEDE0005DB1D3 /* SceneDelegate.swift */,
				31F69F1423AAEDE0005DB1D3 /* ContentView.swift */,
				31F69F1623AAEDE9005DB1D3 /* Assets.xcassets */,
				31F69F1B23AAEDE9005DB1D3 /* LaunchScreen.storyboard */,
				31F69F1E23AAEDE9005DB1D3 /* Info.plist */,
				31F69F1823AAEDE9005DB1D3 /* Preview Content */,
				31F69F2423AAEE7A005DB1D3 /* CalendarJSONhelper.swift */,
				31F69F2623AAEEAC005DB1D3 /* CalendarModel.swift */,
				31F69F2823AAEEFD005DB1D3 /* GetCalendar.swift */,
				31F69F2A23AAEF87005DB1D3 /* CalendarRowView.swift */,
				31F69F2C23AAF03B005DB1D3 /* DateExtension.swift */,
			);
			path = SwiftUI_Google_Calendar;
			sourceTree = "<group>";
		};
		31F69F1823AAEDE9005DB1D3 /* Preview Content */ = {
			isa = PBXGroup;
			children = (
				31F69F1923AAEDE9005DB1D3 /* Preview Assets.xcassets */,
			);
			path = "Preview Content";
			sourceTree = "<group>";
		};
/* End PBXGroup section */

/* Begin PBXNativeTarget section */
		31F69F0C23AAEDDF005DB1D3 /* SwiftUI_Google_Calendar */ = {
			isa = PBXNativeTarget;
			buildConfigurationList = 31F69F2123AAEDE9005DB1D3 /* Build configuration list for PBXNativeTarget "SwiftUI_Google_Calendar" */;
			buildPhases = (
				31F69F0923AAEDDF005DB1D3 /* Sources */,
				31F69F0A23AAEDDF005DB1D3 /* Frameworks */,
				31F69F0B23AAEDDF005DB1D3 /* Resources */,
			);
			buildRules = (
			);
			dependencies = (
			);
			name = SwiftUI_Google_Calendar;
			productName = SwiftUI_Google_Calendar;
			productReference = 31F69F0D23AAEDDF005DB1D3 /* SwiftUI_Google_Calendar.app */;
			productType = "com.apple.product-type.application";
		};
/* End PBXNativeTarget section */

/* Begin PBXProject section */
		31F69F0523AAEDDF005DB1D3 /* Project object */ = {
			isa = PBXProject;
			attributes = {
				LastSwiftUpdateCheck = 1130;
				LastUpgradeCheck = 1130;
				ORGANIZATIONNAME = "Jim Baughman";
				TargetAttributes = {
					31F69F0C23AAEDDF005DB1D3 = {
						CreatedOnToolsVersion = 11.3;
					};
				};
			};
			buildConfigurationList = 31F69F0823AAEDDF005DB1D3 /* Build configuration list for PBXProject "SwiftUI_Google_Calendar" */;
			compatibilityVersion = "Xcode 9.3";
			developmentRegion = en;
			hasScannedForEncodings = 0;
			knownRegions = (
				en,
				Base,
			);
			mainGroup = 31F69F0423AAEDDF005DB1D3;
			productRefGroup = 31F69F0E23AAEDDF005DB1D3 /* Products */;
			projectDirPath = "";
			projectRoot = "";
			targets = (
				31F69F0C23AAEDDF005DB1D3 /* SwiftUI_Google_Calendar */,
			);
		};
/* End PBXProject section */

/* Begin PBXResourcesBuildPhase section */
		31F69F0B23AAEDDF005DB1D3 /* Resources */ = {
			isa = PBXResourcesBuildPhase;
			buildActionMask = 2147483647;
			files = (
				31F69F1D23AAEDE9005DB1D3 /* LaunchScreen.storyboard in Resources */,
				31F69F1A23AAEDE9005DB1D3 /* Preview Assets.xcassets in Resources */,
				31F69F2F23ABF8DA005DB1D3 /* README.md in Resources */,
				31F69F1723AAEDE9005DB1D3 /* Assets.xcassets in Resources */,
			);
			runOnlyForDeploymentPostprocessing = 0;
		};
/* End PBXResourcesBuildPhase section */

/* Begin PBXSourcesBuildPhase section */
		31F69F0923AAEDDF005DB1D3 /* Sources */ = {
			isa = PBXSourcesBuildPhase;
			buildActionMask = 2147483647;
			files = (
				31F69F1123AAEDDF005DB1D3 /* AppDelegate.swift in Sources */,
				31F69F2D23AAF03B005DB1D3 /* DateExtension.swift in Sources */,
				31F69F2723AAEEAC005DB1D3 /* CalendarModel.swift in Sources */,
				31F69F1323AAEDE0005DB1D3 /* SceneDelegate.swift in Sources */,
				31F69F1523AAEDE0005DB1D3 /* ContentView.swift in Sources */,
				31F69F2923AAEEFD005DB1D3 /* GetCalendar.swift in Sources */,
				31F69F2523AAEE7B005DB1D3 /* CalendarJSONhelper.swift in Sources */,
				31F69F2B23AAEF87005DB1D3 /* CalendarRowView.swift in Sources */,
			);
			runOnlyForDeploymentPostprocessing = 0;
		};
/* End PBXSourcesBuildPhase section */

/* Begin PBXVariantGroup section */
		31F69F1B23AAEDE9005DB1D3 /* LaunchScreen.storyboard */ = {
			isa = PBXVariantGroup;
			children = (
				31F69F1C23AAEDE9005DB1D3 /* Base */,
			);
			name = LaunchScreen.storyboard;
			sourceTree = "<group>";
		};
/* End PBXVariantGroup section */

/* Begin XCBuildConfiguration section */
		31F69F1F23AAEDE9005DB1D3 /* Debug */ = {
			isa = XCBuildConfiguration;
			buildSettings = {
				ALWAYS_SEARCH_USER_PATHS = NO;
				CLANG_ANALYZER_NONNULL = YES;
				CLANG_ANALYZER_NUMBER_OBJECT_CONVERSION = YES_AGGRESSIVE;
				CLANG_CXX_LANGUAGE_STANDARD = "gnu++14";
				CLANG_CXX_LIBRARY = "libc++";
				CLANG_ENABLE_MODULES = YES;
				CLANG_ENABLE_OBJC_ARC = YES;
				CLANG_ENABLE_OBJC_WEAK = YES;
				CLANG_WARN_BLOCK_CAPTURE_AUTORELEASING = YES;
				CLANG_WARN_BOOL_CONVERSION = YES;
				CLANG_WARN_COMMA = YES;
				CLANG_WARN_CONSTANT_CONVERSION = YES;
				CLANG_WARN_DEPRECATED_OBJC_IMPLEMENTATIONS = YES;
				CLANG_WARN_DIRECT_OBJC_ISA_USAGE = YES_ERROR;
				CLANG_WARN_DOCUMENTATION_COMMENTS = YES;
				CLANG_WARN_EMPTY_BODY = YES;
				CLANG_WARN_ENUM_CONVERSION = YES;
				CLANG_WARN_INFINITE_RECURSION = YES;
				CLANG_WARN_INT_CONVERSION = YES;
				CLANG_WARN_NON_LITERAL_NULL_CONVERSION = YES;
				CLANG_WARN_OBJC_IMPLICIT_RETAIN_SELF = YES;
				CLANG_WARN_OBJC_LITERAL_CONVERSION = YES;
				CLANG_WARN_OBJC_ROOT_CLASS = YES_ERROR;
				CLANG_WARN_RANGE_LOOP_ANALYSIS = YES;
				CLANG_WARN_STRICT_PROTOTYPES = YES;
				CLANG_WARN_SUSPICIOUS_MOVE = YES;
				CLANG_WARN_UNGUARDED_AVAILABILITY = YES_AGGRESSIVE;
				CLANG_WARN_UNREACHABLE_CODE = YES;
				CLANG_WARN__DUPLICATE_METHOD_MATCH = YES;
				COPY_PHASE_STRIP = NO;
				DEBUG_INFORMATION_FORMAT = dwarf;
				ENABLE_STRICT_OBJC_MSGSEND = YES;
				ENABLE_TESTABILITY = YES;
				GCC_C_LANGUAGE_STANDARD = gnu11;
				GCC_DYNAMIC_NO_PIC = NO;
				GCC_NO_COMMON_BLOCKS = YES;
				GCC_OPTIMIZATION_LEVEL = 0;
				GCC_PREPROCESSOR_DEFINITIONS = (
					"DEBUG=1",
					"$(inherited)",
				);
				GCC_WARN_64_TO_32_BIT_CONVERSION = YES;
				GCC_WARN_ABOUT_RETURN_TYPE = YES_ERROR;
				GCC_WARN_UNDECLARED_SELECTOR = YES;
				GCC_WARN_UNINITIALIZED_AUTOS = YES_AGGRESSIVE;
				GCC_WARN_UNUSED_FUNCTION = YES;
				GCC_WARN_UNUSED_VARIABLE = YES;
				IPHONEOS_DEPLOYMENT_TARGET = 13.2;
				MTL_ENABLE_DEBUG_INFO = INCLUDE_SOURCE;
				MTL_FAST_MATH = YES;
				ONLY_ACTIVE_ARCH = YES;
				SDKROOT = iphoneos;
				SWIFT_ACTIVE_COMPILATION_CONDITIONS = DEBUG;
				SWIFT_OPTIMIZATION_LEVEL = "-Onone";
			};
			name = Debug;
		};
		31F69F2023AAEDE9005DB1D3 /* Release */ = {
			isa = XCBuildConfiguration;
			buildSettings = {
				ALWAYS_SEARCH_USER_PATHS = NO;
				CLANG_ANALYZER_NONNULL = YES;
				CLANG_ANALYZER_NUMBER_OBJECT_CONVERSION = YES_AGGRESSIVE;
				CLANG_CXX_LANGUAGE_STANDARD = "gnu++14";
				CLANG_CXX_LIBRARY = "libc++";
				CLANG_ENABLE_MODULES = YES;
				CLANG_ENABLE_OBJC_ARC = YES;
				CLANG_ENABLE_OBJC_WEAK = YES;
				CLANG_WARN_BLOCK_CAPTURE_AUTORELEASING = YES;
				CLANG_WARN_BOOL_CONVERSION = YES;
				CLANG_WARN_COMMA = YES;
				CLANG_WARN_CONSTANT_CONVERSION = YES;
				CLANG_WARN_DEPRECATED_OBJC_IMPLEMENTATIONS = YES;
				CLANG_WARN_DIRECT_OBJC_ISA_USAGE = YES_ERROR;
				CLANG_WARN_DOCUMENTATION_COMMENTS = YES;
				CLANG_WARN_EMPTY_BODY = YES;
				CLANG_WARN_ENUM_CONVERSION = YES;
				CLANG_WARN_INFINITE_RECURSION = YES;
				CLANG_WARN_INT_CONVERSION = YES;
				CLANG_WARN_NON_LITERAL_NULL_CONVERSION = YES;
				CLANG_WARN_OBJC_IMPLICIT_RETAIN_SELF = YES;
				CLANG_WARN_OBJC_LITERAL_CONVERSION = YES;
				CLANG_WARN_OBJC_ROOT_CLASS = YES_ERROR;
				CLANG_WARN_RANGE_LOOP_ANALYSIS = YES;
				CLANG_WARN_STRICT_PROTOTYPES = YES;
				CLANG_WARN_SUSPICIOUS_MOVE = YES;
				CLANG_WARN_UNGUARDED_AVAILABILITY = YES_AGGRESSIVE;
				CLANG_WARN_UNREACHABLE_CODE = YES;
				CLANG_WARN__DUPLICATE_METHOD_MATCH = YES;
				COPY_PHASE_STRIP = NO;
				DEBUG_INFORMATION_FORMAT = "dwarf-with-dsym";
				ENABLE_NS_ASSERTIONS = NO;
				ENABLE_STRICT_OBJC_MSGSEND = YES;
				GCC_C_LANGUAGE_STANDARD = gnu11;
				GCC_NO_COMMON_BLOCKS = YES;
				GCC_WARN_64_TO_32_BIT_CONVERSION = YES;
				GCC_WARN_ABOUT_RETURN_TYPE = YES_ERROR;
				GCC_WARN_UNDECLARED_SELECTOR = YES;
				GCC_WARN_UNINITIALIZED_AUTOS = YES_AGGRESSIVE;
				GCC_WARN_UNUSED_FUNCTION = YES;
				GCC_WARN_UNUSED_VARIABLE = YES;
				IPHONEOS_DEPLOYMENT_TARGET = 13.2;
				MTL_ENABLE_DEBUG_INFO = NO;
				MTL_FAST_MATH = YES;
				SDKROOT = iphoneos;
				SWIFT_COMPILATION_MODE = wholemodule;
				SWIFT_OPTIMIZATION_LEVEL = "-O";
				VALIDATE_PRODUCT = YES;
			};
			name = Release;
		};
		31F69F2223AAEDE9005DB1D3 /* Debug */ = {
			isa = XCBuildConfiguration;
			buildSettings = {
				ASSETCATALOG_COMPILER_APPICON_NAME = AppIcon;
				CODE_SIGN_STYLE = Automatic;
				DEVELOPMENT_ASSET_PATHS = "\"SwiftUI_Google_Calendar/Preview Content\"";
				DEVELOPMENT_TEAM = 7277VQ89WT;
				ENABLE_PREVIEWS = YES;
				INFOPLIST_FILE = SwiftUI_Google_Calendar/Info.plist;
				LD_RUNPATH_SEARCH_PATHS = (
					"$(inherited)",
					"@executable_path/Frameworks",
				);
				PRODUCT_BUNDLE_IDENTIFIER = "org.stmarcus.SwiftUI-Google-Calendar";
				PRODUCT_NAME = "$(TARGET_NAME)";
				SWIFT_VERSION = 5.0;
				TARGETED_DEVICE_FAMILY = "1,2";
			};
			name = Debug;
		};
		31F69F2323AAEDE9005DB1D3 /* Release */ = {
			isa = XCBuildConfiguration;
			buildSettings = {
				ASSETCATALOG_COMPILER_APPICON_NAME = AppIcon;
				CODE_SIGN_STYLE = Automatic;
				DEVELOPMENT_ASSET_PATHS = "\"SwiftUI_Google_Calendar/Preview Content\"";
				DEVELOPMENT_TEAM = 7277VQ89WT;
				ENABLE_PREVIEWS = YES;
				INFOPLIST_FILE = SwiftUI_Google_Calendar/Info.plist;
				LD_RUNPATH_SEARCH_PATHS = (
					"$(inherited)",
					"@executable_path/Frameworks",
				);
				PRODUCT_BUNDLE_IDENTIFIER = "org.stmarcus.SwiftUI-Google-Calendar";
				PRODUCT_NAME = "$(TARGET_NAME)";
				SWIFT_VERSION = 5.0;
				TARGETED_DEVICE_FAMILY = "1,2";
			};
			name = Release;
		};
/* End XCBuildConfiguration section */

/* Begin XCConfigurationList section */
		31F69F0823AAEDDF005DB1D3 /* Build configuration list for PBXProject "SwiftUI_Google_Calendar" */ = {
			isa = XCConfigurationList;
			buildConfigurations = (
				31F69F1F23AAEDE9005DB1D3 /* Debug */,
				31F69F2023AAEDE9005DB1D3 /* Release */,
			);
			defaultConfigurationIsVisible = 0;
			defaultConfigurationName = Release;
		};
		31F69F2123AAEDE9005DB1D3 /* Build configuration list for PBXNativeTarget "SwiftUI_Google_Calendar" */ = {
			isa = XCConfigurationList;
			buildConfigurations = (
				31F69F2223AAEDE9005DB1D3 /* Debug */,
				31F69F2323AAEDE9005DB1D3 /* Release */,
			);
			defaultConfigurationIsVisible = 0;
			defaultConfigurationName = Release;
		};
/* End XCConfigurationList section */
	};
	rootObject = 31F69F0523AAEDDF005DB1D3 /* Project object */;
}
